// !$*UTF8*$!
{
	archiveVersion = 1;
	classes = {
	};
	objectVersion = 56;
	objects = {

/* Begin PBXBuildFile section */
		541D460B2B84DF4000D37D93 /* Colors.swift in Sources */ = {isa = PBXBuildFile; fileRef = 541D460A2B84DF4000D37D93 /* Colors.swift */; };
		541D460D2B85021400D37D93 /* DirectionButton.swift in Sources */ = {isa = PBXBuildFile; fileRef = 541D460C2B85021400D37D93 /* DirectionButton.swift */; };
		541D460F2B85022200D37D93 /* InformationButton.swift in Sources */ = {isa = PBXBuildFile; fileRef = 541D460E2B85022200D37D93 /* InformationButton.swift */; };
		541D46112B86338000D37D93 /* Housing.swift in Sources */ = {isa = PBXBuildFile; fileRef = 541D46102B86338000D37D93 /* Housing.swift */; };
		541D46152B86350300D37D93 /* SingleHousingView.swift in Sources */ = {isa = PBXBuildFile; fileRef = 541D46142B86350300D37D93 /* SingleHousingView.swift */; };
		541D46172B86351000D37D93 /* HousingView.swift in Sources */ = {isa = PBXBuildFile; fileRef = 541D46162B86351000D37D93 /* HousingView.swift */; };
		541D46192B88DFD600D37D93 /* DocumentView.swift in Sources */ = {isa = PBXBuildFile; fileRef = 541D46182B88DFD600D37D93 /* DocumentView.swift */; };
		541D461B2B88E00500D37D93 /* DocumentDetailView.swift in Sources */ = {isa = PBXBuildFile; fileRef = 541D461A2B88E00500D37D93 /* DocumentDetailView.swift */; };
		541D46232B8CD41700D37D93 /* DocumentsListView.swift in Sources */ = {isa = PBXBuildFile; fileRef = 541D46222B8CD41700D37D93 /* DocumentsListView.swift */; };
		541D46252B8CD69E00D37D93 /* SingleDocumentView.swift in Sources */ = {isa = PBXBuildFile; fileRef = 541D46242B8CD69E00D37D93 /* SingleDocumentView.swift */; };
		541D46272B8F722D00D37D93 /* DirectionView.swift in Sources */ = {isa = PBXBuildFile; fileRef = 541D46262B8F722D00D37D93 /* DirectionView.swift */; };
		541D46292B8F809A00D37D93 /* HousingListView.swift in Sources */ = {isa = PBXBuildFile; fileRef = 541D46282B8F809A00D37D93 /* HousingListView.swift */; };
		541D462B2B8F80F200D37D93 /* HousingDetailView.swift in Sources */ = {isa = PBXBuildFile; fileRef = 541D462A2B8F80F200D37D93 /* HousingDetailView.swift */; };
		54227B202B7F9E7F008F2055 /* LostApplesApp.swift in Sources */ = {isa = PBXBuildFile; fileRef = 54227B1F2B7F9E7F008F2055 /* LostApplesApp.swift */; };
		54227B222B7F9E7F008F2055 /* ContentView.swift in Sources */ = {isa = PBXBuildFile; fileRef = 54227B212B7F9E7F008F2055 /* ContentView.swift */; };
		54227B242B7F9E7F008F2055 /* Assets.xcassets in Resources */ = {isa = PBXBuildFile; fileRef = 54227B232B7F9E7F008F2055 /* Assets.xcassets */; };
		54227B272B7F9E7F008F2055 /* Preview Assets.xcassets in Resources */ = {isa = PBXBuildFile; fileRef = 54227B262B7F9E7F008F2055 /* Preview Assets.xcassets */; };
		54227B312B7F9E80008F2055 /* LostApplesTests.swift in Sources */ = {isa = PBXBuildFile; fileRef = 54227B302B7F9E80008F2055 /* LostApplesTests.swift */; };
		54227B3B2B7F9E80008F2055 /* LostApplesUITests.swift in Sources */ = {isa = PBXBuildFile; fileRef = 54227B3A2B7F9E80008F2055 /* LostApplesUITests.swift */; };
		54227B3D2B7F9E80008F2055 /* LostApplesUITestsLaunchTests.swift in Sources */ = {isa = PBXBuildFile; fileRef = 54227B3C2B7F9E80008F2055 /* LostApplesUITestsLaunchTests.swift */; };
		54227B4A2B7FA1DF008F2055 /* DocumentationButton.swift in Sources */ = {isa = PBXBuildFile; fileRef = 54227B492B7FA1DF008F2055 /* DocumentationButton.swift */; };
		54227B4C2B7FA3FB008F2055 /* AccomodationButton.swift in Sources */ = {isa = PBXBuildFile; fileRef = 54227B4B2B7FA3FB008F2055 /* AccomodationButton.swift */; };
		54227B4E2B7FA463008F2055 /* MainView.swift in Sources */ = {isa = PBXBuildFile; fileRef = 54227B4D2B7FA463008F2055 /* MainView.swift */; };
		54227B582B839368008F2055 /* Document.swift in Sources */ = {isa = PBXBuildFile; fileRef = 54227B572B839368008F2055 /* Document.swift */; };
		54227B5A2B839401008F2055 /* FunctionList.swift in Sources */ = {isa = PBXBuildFile; fileRef = 54227B592B839401008F2055 /* FunctionList.swift */; };
/* End PBXBuildFile section */

/* Begin PBXContainerItemProxy section */
		54227B2D2B7F9E80008F2055 /* PBXContainerItemProxy */ = {
			isa = PBXContainerItemProxy;
			containerPortal = 54227B142B7F9E7F008F2055 /* Project object */;
			proxyType = 1;
			remoteGlobalIDString = 54227B1B2B7F9E7F008F2055;
			remoteInfo = LostApples;
		};
		54227B372B7F9E80008F2055 /* PBXContainerItemProxy */ = {
			isa = PBXContainerItemProxy;
			containerPortal = 54227B142B7F9E7F008F2055 /* Project object */;
			proxyType = 1;
			remoteGlobalIDString = 54227B1B2B7F9E7F008F2055;
			remoteInfo = LostApples;
		};
/* End PBXContainerItemProxy section */

/* Begin PBXFileReference section */
		541D460A2B84DF4000D37D93 /* Colors.swift */ = {isa = PBXFileReference; lastKnownFileType = sourcecode.swift; path = Colors.swift; sourceTree = "<group>"; };
		541D460C2B85021400D37D93 /* DirectionButton.swift */ = {isa = PBXFileReference; lastKnownFileType = sourcecode.swift; path = DirectionButton.swift; sourceTree = "<group>"; };
		541D460E2B85022200D37D93 /* InformationButton.swift */ = {isa = PBXFileReference; lastKnownFileType = sourcecode.swift; path = InformationButton.swift; sourceTree = "<group>"; };
		541D46102B86338000D37D93 /* Housing.swift */ = {isa = PBXFileReference; lastKnownFileType = sourcecode.swift; path = Housing.swift; sourceTree = "<group>"; };
		541D46142B86350300D37D93 /* SingleHousingView.swift */ = {isa = PBXFileReference; lastKnownFileType = sourcecode.swift; path = SingleHousingView.swift; sourceTree = "<group>"; };
		541D46162B86351000D37D93 /* HousingView.swift */ = {isa = PBXFileReference; lastKnownFileType = sourcecode.swift; path = HousingView.swift; sourceTree = "<group>"; };
		541D46182B88DFD600D37D93 /* DocumentView.swift */ = {isa = PBXFileReference; lastKnownFileType = sourcecode.swift; path = DocumentView.swift; sourceTree = "<group>"; };
		541D461A2B88E00500D37D93 /* DocumentDetailView.swift */ = {isa = PBXFileReference; lastKnownFileType = sourcecode.swift; path = DocumentDetailView.swift; sourceTree = "<group>"; };
		541D46222B8CD41700D37D93 /* DocumentsListView.swift */ = {isa = PBXFileReference; lastKnownFileType = sourcecode.swift; path = DocumentsListView.swift; sourceTree = "<group>"; };
		541D46242B8CD69E00D37D93 /* SingleDocumentView.swift */ = {isa = PBXFileReference; lastKnownFileType = sourcecode.swift; path = SingleDocumentView.swift; sourceTree = "<group>"; };
		541D46262B8F722D00D37D93 /* DirectionView.swift */ = {isa = PBXFileReference; lastKnownFileType = sourcecode.swift; path = DirectionView.swift; sourceTree = "<group>"; };
		541D46282B8F809A00D37D93 /* HousingListView.swift */ = {isa = PBXFileReference; lastKnownFileType = sourcecode.swift; path = HousingListView.swift; sourceTree = "<group>"; };
		541D462A2B8F80F200D37D93 /* HousingDetailView.swift */ = {isa = PBXFileReference; lastKnownFileType = sourcecode.swift; path = HousingDetailView.swift; sourceTree = "<group>"; };
		54227B1C2B7F9E7F008F2055 /* LostApples.app */ = {isa = PBXFileReference; explicitFileType = wrapper.application; includeInIndex = 0; path = LostApples.app; sourceTree = BUILT_PRODUCTS_DIR; };
		54227B1F2B7F9E7F008F2055 /* LostApplesApp.swift */ = {isa = PBXFileReference; lastKnownFileType = sourcecode.swift; path = LostApplesApp.swift; sourceTree = "<group>"; };
		54227B212B7F9E7F008F2055 /* ContentView.swift */ = {isa = PBXFileReference; lastKnownFileType = sourcecode.swift; path = ContentView.swift; sourceTree = "<group>"; };
		54227B232B7F9E7F008F2055 /* Assets.xcassets */ = {isa = PBXFileReference; lastKnownFileType = folder.assetcatalog; path = Assets.xcassets; sourceTree = "<group>"; };
		54227B262B7F9E7F008F2055 /* Preview Assets.xcassets */ = {isa = PBXFileReference; lastKnownFileType = folder.assetcatalog; path = "Preview Assets.xcassets"; sourceTree = "<group>"; };
		54227B2C2B7F9E80008F2055 /* LostApplesTests.xctest */ = {isa = PBXFileReference; explicitFileType = wrapper.cfbundle; includeInIndex = 0; path = LostApplesTests.xctest; sourceTree = BUILT_PRODUCTS_DIR; };
		54227B302B7F9E80008F2055 /* LostApplesTests.swift */ = {isa = PBXFileReference; lastKnownFileType = sourcecode.swift; path = LostApplesTests.swift; sourceTree = "<group>"; };
		54227B362B7F9E80008F2055 /* LostApplesUITests.xctest */ = {isa = PBXFileReference; explicitFileType = wrapper.cfbundle; includeInIndex = 0; path = LostApplesUITests.xctest; sourceTree = BUILT_PRODUCTS_DIR; };
		54227B3A2B7F9E80008F2055 /* LostApplesUITests.swift */ = {isa = PBXFileReference; lastKnownFileType = sourcecode.swift; path = LostApplesUITests.swift; sourceTree = "<group>"; };
		54227B3C2B7F9E80008F2055 /* LostApplesUITestsLaunchTests.swift */ = {isa = PBXFileReference; lastKnownFileType = sourcecode.swift; path = LostApplesUITestsLaunchTests.swift; sourceTree = "<group>"; };
		54227B492B7FA1DF008F2055 /* DocumentationButton.swift */ = {isa = PBXFileReference; lastKnownFileType = sourcecode.swift; path = DocumentationButton.swift; sourceTree = "<group>"; };
		54227B4B2B7FA3FB008F2055 /* AccomodationButton.swift */ = {isa = PBXFileReference; lastKnownFileType = sourcecode.swift; path = AccomodationButton.swift; sourceTree = "<group>"; };
		54227B4D2B7FA463008F2055 /* MainView.swift */ = {isa = PBXFileReference; lastKnownFileType = sourcecode.swift; path = MainView.swift; sourceTree = "<group>"; };
		54227B572B839368008F2055 /* Document.swift */ = {isa = PBXFileReference; lastKnownFileType = sourcecode.swift; path = Document.swift; sourceTree = "<group>"; };
		54227B592B839401008F2055 /* FunctionList.swift */ = {isa = PBXFileReference; lastKnownFileType = sourcecode.swift; path = FunctionList.swift; sourceTree = "<group>"; };
/* End PBXFileReference section */

/* Begin PBXFrameworksBuildPhase section */
		54227B192B7F9E7F008F2055 /* Frameworks */ = {
			isa = PBXFrameworksBuildPhase;
			buildActionMask = 2147483647;
			files = (
			);
			runOnlyForDeploymentPostprocessing = 0;
		};
		54227B292B7F9E80008F2055 /* Frameworks */ = {
			isa = PBXFrameworksBuildPhase;
			buildActionMask = 2147483647;
			files = (
			);
			runOnlyForDeploymentPostprocessing = 0;
		};
		54227B332B7F9E80008F2055 /* Frameworks */ = {
			isa = PBXFrameworksBuildPhase;
			buildActionMask = 2147483647;
			files = (
			);
			runOnlyForDeploymentPostprocessing = 0;
		};
/* End PBXFrameworksBuildPhase section */

/* Begin PBXGroup section */
		541D461C2B890B0000D37D93 /* View */ = {
			isa = PBXGroup;
			children = (
				541D46202B890B8200D37D93 /* Housing */,
				541D461D2B890B1300D37D93 /* Document */,
				541D461F2B890B5200D37D93 /* Buttons */,
				54227B4D2B7FA463008F2055 /* MainView.swift */,
				54227B212B7F9E7F008F2055 /* ContentView.swift */,
			);
			path = View;
			sourceTree = "<group>";
		};
		541D461D2B890B1300D37D93 /* Document */ = {
			isa = PBXGroup;
			children = (
				541D46182B88DFD600D37D93 /* DocumentView.swift */,
				541D461A2B88E00500D37D93 /* DocumentDetailView.swift */,
				541D46222B8CD41700D37D93 /* DocumentsListView.swift */,
				541D46242B8CD69E00D37D93 /* SingleDocumentView.swift */,
			);
			path = Document;
			sourceTree = "<group>";
		};
		541D461E2B890B2A00D37D93 /* Model */ = {
			isa = PBXGroup;
			children = (
				541D46102B86338000D37D93 /* Housing.swift */,
				54227B572B839368008F2055 /* Document.swift */,
				54227B592B839401008F2055 /* FunctionList.swift */,
			);
			path = Model;
			sourceTree = "<group>";
		};
		541D461F2B890B5200D37D93 /* Buttons */ = {
			isa = PBXGroup;
			children = (
				541D460C2B85021400D37D93 /* DirectionButton.swift */,
				541D46262B8F722D00D37D93 /* DirectionView.swift */,
				541D460E2B85022200D37D93 /* InformationButton.swift */,
				54227B492B7FA1DF008F2055 /* DocumentationButton.swift */,
				54227B4B2B7FA3FB008F2055 /* AccomodationButton.swift */,
			);
			path = Buttons;
			sourceTree = "<group>";
		};
		541D46202B890B8200D37D93 /* Housing */ = {
			isa = PBXGroup;
			children = (
				541D46142B86350300D37D93 /* SingleHousingView.swift */,
				541D46282B8F809A00D37D93 /* HousingListView.swift */,
				541D462A2B8F80F200D37D93 /* HousingDetailView.swift */,
				541D46162B86351000D37D93 /* HousingView.swift */,
			);
			path = Housing;
			sourceTree = "<group>";
		};
		54227B132B7F9E7F008F2055 = {
			isa = PBXGroup;
			children = (
				54227B1E2B7F9E7F008F2055 /* LostApples */,
				54227B2F2B7F9E80008F2055 /* LostApplesTests */,
				54227B392B7F9E80008F2055 /* LostApplesUITests */,
				54227B1D2B7F9E7F008F2055 /* Products */,
			);
			sourceTree = "<group>";
		};
		54227B1D2B7F9E7F008F2055 /* Products */ = {
			isa = PBXGroup;
			children = (
				54227B1C2B7F9E7F008F2055 /* LostApples.app */,
				54227B2C2B7F9E80008F2055 /* LostApplesTests.xctest */,
				54227B362B7F9E80008F2055 /* LostApplesUITests.xctest */,
			);
			name = Products;
			sourceTree = "<group>";
		};
		54227B1E2B7F9E7F008F2055 /* LostApples */ = {
			isa = PBXGroup;
			children = (
				54227B1F2B7F9E7F008F2055 /* LostApplesApp.swift */,
				541D461E2B890B2A00D37D93 /* Model */,
				541D461C2B890B0000D37D93 /* View */,
				541D460A2B84DF4000D37D93 /* Colors.swift */,
				54227B232B7F9E7F008F2055 /* Assets.xcassets */,
				54227B252B7F9E7F008F2055 /* Preview Content */,
			);
			path = LostApples;
			sourceTree = "<group>";
		};
		54227B252B7F9E7F008F2055 /* Preview Content */ = {
			isa = PBXGroup;
			children = (
				54227B262B7F9E7F008F2055 /* Preview Assets.xcassets */,
			);
			path = "Preview Content";
			sourceTree = "<group>";
		};
		54227B2F2B7F9E80008F2055 /* LostApplesTests */ = {
			isa = PBXGroup;
			children = (
				54227B302B7F9E80008F2055 /* LostApplesTests.swift */,
			);
			path = LostApplesTests;
			sourceTree = "<group>";
		};
		54227B392B7F9E80008F2055 /* LostApplesUITests */ = {
			isa = PBXGroup;
			children = (
				54227B3A2B7F9E80008F2055 /* LostApplesUITests.swift */,
				54227B3C2B7F9E80008F2055 /* LostApplesUITestsLaunchTests.swift */,
			);
			path = LostApplesUITests;
			sourceTree = "<group>";
		};
/* End PBXGroup section */

/* Begin PBXNativeTarget section */
		54227B1B2B7F9E7F008F2055 /* LostApples */ = {
			isa = PBXNativeTarget;
			buildConfigurationList = 54227B402B7F9E80008F2055 /* Build configuration list for PBXNativeTarget "LostApples" */;
			buildPhases = (
				54227B182B7F9E7F008F2055 /* Sources */,
				54227B192B7F9E7F008F2055 /* Frameworks */,
				54227B1A2B7F9E7F008F2055 /* Resources */,
			);
			buildRules = (
			);
			dependencies = (
			);
			name = LostApples;
			productName = LostApples;
			productReference = 54227B1C2B7F9E7F008F2055 /* LostApples.app */;
			productType = "com.apple.product-type.application";
		};
		54227B2B2B7F9E80008F2055 /* LostApplesTests */ = {
			isa = PBXNativeTarget;
			buildConfigurationList = 54227B432B7F9E80008F2055 /* Build configuration list for PBXNativeTarget "LostApplesTests" */;
			buildPhases = (
				54227B282B7F9E80008F2055 /* Sources */,
				54227B292B7F9E80008F2055 /* Frameworks */,
				54227B2A2B7F9E80008F2055 /* Resources */,
			);
			buildRules = (
			);
			dependencies = (
				54227B2E2B7F9E80008F2055 /* PBXTargetDependency */,
			);
			name = LostApplesTests;
			productName = LostApplesTests;
			productReference = 54227B2C2B7F9E80008F2055 /* LostApplesTests.xctest */;
			productType = "com.apple.product-type.bundle.unit-test";
		};
		54227B352B7F9E80008F2055 /* LostApplesUITests */ = {
			isa = PBXNativeTarget;
			buildConfigurationList = 54227B462B7F9E80008F2055 /* Build configuration list for PBXNativeTarget "LostApplesUITests" */;
			buildPhases = (
				54227B322B7F9E80008F2055 /* Sources */,
				54227B332B7F9E80008F2055 /* Frameworks */,
				54227B342B7F9E80008F2055 /* Resources */,
			);
			buildRules = (
			);
			dependencies = (
				54227B382B7F9E80008F2055 /* PBXTargetDependency */,
			);
			name = LostApplesUITests;
			productName = LostApplesUITests;
			productReference = 54227B362B7F9E80008F2055 /* LostApplesUITests.xctest */;
			productType = "com.apple.product-type.bundle.ui-testing";
		};
/* End PBXNativeTarget section */

/* Begin PBXProject section */
		54227B142B7F9E7F008F2055 /* Project object */ = {
			isa = PBXProject;
			attributes = {
				BuildIndependentTargetsInParallel = 1;
				LastSwiftUpdateCheck = 1500;
				LastUpgradeCheck = 1500;
				TargetAttributes = {
					54227B1B2B7F9E7F008F2055 = {
						CreatedOnToolsVersion = 15.0;
					};
					54227B2B2B7F9E80008F2055 = {
						CreatedOnToolsVersion = 15.0;
						TestTargetID = 54227B1B2B7F9E7F008F2055;
					};
					54227B352B7F9E80008F2055 = {
						CreatedOnToolsVersion = 15.0;
						TestTargetID = 54227B1B2B7F9E7F008F2055;
					};
				};
			};
			buildConfigurationList = 54227B172B7F9E7F008F2055 /* Build configuration list for PBXProject "LostApples" */;
			compatibilityVersion = "Xcode 14.0";
			developmentRegion = en;
			hasScannedForEncodings = 0;
			knownRegions = (
				en,
				Base,
			);
			mainGroup = 54227B132B7F9E7F008F2055;
			productRefGroup = 54227B1D2B7F9E7F008F2055 /* Products */;
			projectDirPath = "";
			projectRoot = "";
			targets = (
				54227B1B2B7F9E7F008F2055 /* LostApples */,
				54227B2B2B7F9E80008F2055 /* LostApplesTests */,
				54227B352B7F9E80008F2055 /* LostApplesUITests */,
			);
		};
/* End PBXProject section */

/* Begin PBXResourcesBuildPhase section */
		54227B1A2B7F9E7F008F2055 /* Resources */ = {
			isa = PBXResourcesBuildPhase;
			buildActionMask = 2147483647;
			files = (
				54227B272B7F9E7F008F2055 /* Preview Assets.xcassets in Resources */,
				54227B242B7F9E7F008F2055 /* Assets.xcassets in Resources */,
			);
			runOnlyForDeploymentPostprocessing = 0;
		};
		54227B2A2B7F9E80008F2055 /* Resources */ = {
			isa = PBXResourcesBuildPhase;
			buildActionMask = 2147483647;
			files = (
			);
			runOnlyForDeploymentPostprocessing = 0;
		};
		54227B342B7F9E80008F2055 /* Resources */ = {
			isa = PBXResourcesBuildPhase;
			buildActionMask = 2147483647;
			files = (
			);
			runOnlyForDeploymentPostprocessing = 0;
		};
/* End PBXResourcesBuildPhase section */

/* Begin PBXSourcesBuildPhase section */
		54227B182B7F9E7F008F2055 /* Sources */ = {
			isa = PBXSourcesBuildPhase;
			buildActionMask = 2147483647;
			files = (
				541D460B2B84DF4000D37D93 /* Colors.swift in Sources */,
				541D46172B86351000D37D93 /* HousingView.swift in Sources */,
				54227B4C2B7FA3FB008F2055 /* AccomodationButton.swift in Sources */,
				541D460F2B85022200D37D93 /* InformationButton.swift in Sources */,
				541D46292B8F809A00D37D93 /* HousingListView.swift in Sources */,
				541D46272B8F722D00D37D93 /* DirectionView.swift in Sources */,
				541D461B2B88E00500D37D93 /* DocumentDetailView.swift in Sources */,
				54227B222B7F9E7F008F2055 /* ContentView.swift in Sources */,
				541D46232B8CD41700D37D93 /* DocumentsListView.swift in Sources */,
				54227B4A2B7FA1DF008F2055 /* DocumentationButton.swift in Sources */,
				54227B5A2B839401008F2055 /* FunctionList.swift in Sources */,
				541D46192B88DFD600D37D93 /* DocumentView.swift in Sources */,
				541D46112B86338000D37D93 /* Housing.swift in Sources */,
				54227B4E2B7FA463008F2055 /* MainView.swift in Sources */,
				54227B582B839368008F2055 /* Document.swift in Sources */,
				541D46152B86350300D37D93 /* SingleHousingView.swift in Sources */,
				541D46252B8CD69E00D37D93 /* SingleDocumentView.swift in Sources */,
				541D462B2B8F80F200D37D93 /* HousingDetailView.swift in Sources */,
				541D460D2B85021400D37D93 /* DirectionButton.swift in Sources */,
				54227B202B7F9E7F008F2055 /* LostApplesApp.swift in Sources */,
			);
			runOnlyForDeploymentPostprocessing = 0;
		};
		54227B282B7F9E80008F2055 /* Sources */ = {
			isa = PBXSourcesBuildPhase;
			buildActionMask = 2147483647;
			files = (
				54227B312B7F9E80008F2055 /* LostApplesTests.swift in Sources */,
			);
			runOnlyForDeploymentPostprocessing = 0;
		};
		54227B322B7F9E80008F2055 /* Sources */ = {
			isa = PBXSourcesBuildPhase;
			buildActionMask = 2147483647;
			files = (
				54227B3B2B7F9E80008F2055 /* LostApplesUITests.swift in Sources */,
				54227B3D2B7F9E80008F2055 /* LostApplesUITestsLaunchTests.swift in Sources */,
			);
			runOnlyForDeploymentPostprocessing = 0;
		};
/* End PBXSourcesBuildPhase section */

/* Begin PBXTargetDependency section */
		54227B2E2B7F9E80008F2055 /* PBXTargetDependency */ = {
			isa = PBXTargetDependency;
			target = 54227B1B2B7F9E7F008F2055 /* LostApples */;
			targetProxy = 54227B2D2B7F9E80008F2055 /* PBXContainerItemProxy */;
		};
		54227B382B7F9E80008F2055 /* PBXTargetDependency */ = {
			isa = PBXTargetDependency;
			target = 54227B1B2B7F9E7F008F2055 /* LostApples */;
			targetProxy = 54227B372B7F9E80008F2055 /* PBXContainerItemProxy */;
		};
/* End PBXTargetDependency section */

/* Begin XCBuildConfiguration section */
		54227B3E2B7F9E80008F2055 /* Debug */ = {
			isa = XCBuildConfiguration;
			buildSettings = {
				ALWAYS_SEARCH_USER_PATHS = NO;
				ASSETCATALOG_COMPILER_GENERATE_SWIFT_ASSET_SYMBOL_EXTENSIONS = YES;
				CLANG_ANALYZER_NONNULL = YES;
				CLANG_ANALYZER_NUMBER_OBJECT_CONVERSION = YES_AGGRESSIVE;
				CLANG_CXX_LANGUAGE_STANDARD = "gnu++20";
				CLANG_ENABLE_MODULES = YES;
				CLANG_ENABLE_OBJC_ARC = YES;
				CLANG_ENABLE_OBJC_WEAK = YES;
				CLANG_WARN_BLOCK_CAPTURE_AUTORELEASING = YES;
				CLANG_WARN_BOOL_CONVERSION = YES;
				CLANG_WARN_COMMA = YES;
				CLANG_WARN_CONSTANT_CONVERSION = YES;
				CLANG_WARN_DEPRECATED_OBJC_IMPLEMENTATIONS = YES;
				CLANG_WARN_DIRECT_OBJC_ISA_USAGE = YES_ERROR;
				CLANG_WARN_DOCUMENTATION_COMMENTS = YES;
				CLANG_WARN_EMPTY_BODY = YES;
				CLANG_WARN_ENUM_CONVERSION = YES;
				CLANG_WARN_INFINITE_RECURSION = YES;
				CLANG_WARN_INT_CONVERSION = YES;
				CLANG_WARN_NON_LITERAL_NULL_CONVERSION = YES;
				CLANG_WARN_OBJC_IMPLICIT_RETAIN_SELF = YES;
				CLANG_WARN_OBJC_LITERAL_CONVERSION = YES;
				CLANG_WARN_OBJC_ROOT_CLASS = YES_ERROR;
				CLANG_WARN_QUOTED_INCLUDE_IN_FRAMEWORK_HEADER = YES;
				CLANG_WARN_RANGE_LOOP_ANALYSIS = YES;
				CLANG_WARN_STRICT_PROTOTYPES = YES;
				CLANG_WARN_SUSPICIOUS_MOVE = YES;
				CLANG_WARN_UNGUARDED_AVAILABILITY = YES_AGGRESSIVE;
				CLANG_WARN_UNREACHABLE_CODE = YES;
				CLANG_WARN__DUPLICATE_METHOD_MATCH = YES;
				COPY_PHASE_STRIP = NO;
				DEBUG_INFORMATION_FORMAT = dwarf;
				ENABLE_STRICT_OBJC_MSGSEND = YES;
				ENABLE_TESTABILITY = YES;
				ENABLE_USER_SCRIPT_SANDBOXING = YES;
				GCC_C_LANGUAGE_STANDARD = gnu17;
				GCC_DYNAMIC_NO_PIC = NO;
				GCC_NO_COMMON_BLOCKS = YES;
				GCC_OPTIMIZATION_LEVEL = 0;
				GCC_PREPROCESSOR_DEFINITIONS = (
					"DEBUG=1",
					"$(inherited)",
				);
				GCC_WARN_64_TO_32_BIT_CONVERSION = YES;
				GCC_WARN_ABOUT_RETURN_TYPE = YES_ERROR;
				GCC_WARN_UNDECLARED_SELECTOR = YES;
				GCC_WARN_UNINITIALIZED_AUTOS = YES_AGGRESSIVE;
				GCC_WARN_UNUSED_FUNCTION = YES;
				GCC_WARN_UNUSED_VARIABLE = YES;
				IPHONEOS_DEPLOYMENT_TARGET = 17.0;
				LOCALIZATION_PREFERS_STRING_CATALOGS = YES;
				MTL_ENABLE_DEBUG_INFO = INCLUDE_SOURCE;
				MTL_FAST_MATH = YES;
				ONLY_ACTIVE_ARCH = YES;
				SDKROOT = iphoneos;
				SWIFT_ACTIVE_COMPILATION_CONDITIONS = "DEBUG $(inherited)";
				SWIFT_OPTIMIZATION_LEVEL = "-Onone";
			};
			name = Debug;
		};
		54227B3F2B7F9E80008F2055 /* Release */ = {
			isa = XCBuildConfiguration;
			buildSettings = {
				ALWAYS_SEARCH_USER_PATHS = NO;
				ASSETCATALOG_COMPILER_GENERATE_SWIFT_ASSET_SYMBOL_EXTENSIONS = YES;
				CLANG_ANALYZER_NONNULL = YES;
				CLANG_ANALYZER_NUMBER_OBJECT_CONVERSION = YES_AGGRESSIVE;
				CLANG_CXX_LANGUAGE_STANDARD = "gnu++20";
				CLANG_ENABLE_MODULES = YES;
				CLANG_ENABLE_OBJC_ARC = YES;
				CLANG_ENABLE_OBJC_WEAK = YES;
				CLANG_WARN_BLOCK_CAPTURE_AUTORELEASING = YES;
				CLANG_WARN_BOOL_CONVERSION = YES;
				CLANG_WARN_COMMA = YES;
				CLANG_WARN_CONSTANT_CONVERSION = YES;
				CLANG_WARN_DEPRECATED_OBJC_IMPLEMENTATIONS = YES;
				CLANG_WARN_DIRECT_OBJC_ISA_USAGE = YES_ERROR;
				CLANG_WARN_DOCUMENTATION_COMMENTS = YES;
				CLANG_WARN_EMPTY_BODY = YES;
				CLANG_WARN_ENUM_CONVERSION = YES;
				CLANG_WARN_INFINITE_RECURSION = YES;
				CLANG_WARN_INT_CONVERSION = YES;
				CLANG_WARN_NON_LITERAL_NULL_CONVERSION = YES;
				CLANG_WARN_OBJC_IMPLICIT_RETAIN_SELF = YES;
				CLANG_WARN_OBJC_LITERAL_CONVERSION = YES;
				CLANG_WARN_OBJC_ROOT_CLASS = YES_ERROR;
				CLANG_WARN_QUOTED_INCLUDE_IN_FRAMEWORK_HEADER = YES;
				CLANG_WARN_RANGE_LOOP_ANALYSIS = YES;
				CLANG_WARN_STRICT_PROTOTYPES = YES;
				CLANG_WARN_SUSPICIOUS_MOVE = YES;
				CLANG_WARN_UNGUARDED_AVAILABILITY = YES_AGGRESSIVE;
				CLANG_WARN_UNREACHABLE_CODE = YES;
				CLANG_WARN__DUPLICATE_METHOD_MATCH = YES;
				COPY_PHASE_STRIP = NO;
				DEBUG_INFORMATION_FORMAT = "dwarf-with-dsym";
				ENABLE_NS_ASSERTIONS = NO;
				ENABLE_STRICT_OBJC_MSGSEND = YES;
				ENABLE_USER_SCRIPT_SANDBOXING = YES;
				GCC_C_LANGUAGE_STANDARD = gnu17;
				GCC_NO_COMMON_BLOCKS = YES;
				GCC_WARN_64_TO_32_BIT_CONVERSION = YES;
				GCC_WARN_ABOUT_RETURN_TYPE = YES_ERROR;
				GCC_WARN_UNDECLARED_SELECTOR = YES;
				GCC_WARN_UNINITIALIZED_AUTOS = YES_AGGRESSIVE;
				GCC_WARN_UNUSED_FUNCTION = YES;
				GCC_WARN_UNUSED_VARIABLE = YES;
				IPHONEOS_DEPLOYMENT_TARGET = 17.0;
				LOCALIZATION_PREFERS_STRING_CATALOGS = YES;
				MTL_ENABLE_DEBUG_INFO = NO;
				MTL_FAST_MATH = YES;
				SDKROOT = iphoneos;
				SWIFT_COMPILATION_MODE = wholemodule;
				VALIDATE_PRODUCT = YES;
			};
			name = Release;
		};
		54227B412B7F9E80008F2055 /* Debug */ = {
			isa = XCBuildConfiguration;
			buildSettings = {
				ASSETCATALOG_COMPILER_APPICON_NAME = AppIcon;
				ASSETCATALOG_COMPILER_GLOBAL_ACCENT_COLOR_NAME = AccentColor;
				CODE_SIGN_STYLE = Automatic;
				CURRENT_PROJECT_VERSION = 1;
				DEVELOPMENT_ASSET_PATHS = "\"LostApples/Preview Content\"";
				ENABLE_PREVIEWS = YES;
				GENERATE_INFOPLIST_FILE = YES;
				INFOPLIST_KEY_UIApplicationSceneManifest_Generation = YES;
				INFOPLIST_KEY_UIApplicationSupportsIndirectInputEvents = YES;
				INFOPLIST_KEY_UILaunchScreen_Generation = YES;
				INFOPLIST_KEY_UISupportedInterfaceOrientations_iPad = "UIInterfaceOrientationPortrait UIInterfaceOrientationPortraitUpsideDown UIInterfaceOrientationLandscapeLeft UIInterfaceOrientationLandscapeRight";
				INFOPLIST_KEY_UISupportedInterfaceOrientations_iPhone = "UIInterfaceOrientationPortrait UIInterfaceOrientationLandscapeLeft UIInterfaceOrientationLandscapeRight";
				LD_RUNPATH_SEARCH_PATHS = (
					"$(inherited)",
					"@executable_path/Frameworks",
				);
				MARKETING_VERSION = 1.0;
				PRODUCT_BUNDLE_IDENTIFIER = developer.academy.LostApples;
				PRODUCT_NAME = "$(TARGET_NAME)";
				SWIFT_EMIT_LOC_STRINGS = YES;
				SWIFT_VERSION = 5.0;
				TARGETED_DEVICE_FAMILY = "1,2";
			};
			name = Debug;
		};
		54227B422B7F9E80008F2055 /* Release */ = {
			isa = XCBuildConfiguration;
			buildSettings = {
				ASSETCATALOG_COMPILER_APPICON_NAME = AppIcon;
				ASSETCATALOG_COMPILER_GLOBAL_ACCENT_COLOR_NAME = AccentColor;
				CODE_SIGN_STYLE = Automatic;
				CURRENT_PROJECT_VERSION = 1;
				DEVELOPMENT_ASSET_PATHS = "\"LostApples/Preview Content\"";
				ENABLE_PREVIEWS = YES;
				GENERATE_INFOPLIST_FILE = YES;
				INFOPLIST_KEY_UIApplicationSceneManifest_Generation = YES;
				INFOPLIST_KEY_UIApplicationSupportsIndirectInputEvents = YES;
				INFOPLIST_KEY_UILaunchScreen_Generation = YES;
				INFOPLIST_KEY_UISupportedInterfaceOrientations_iPad = "UIInterfaceOrientationPortrait UIInterfaceOrientationPortraitUpsideDown UIInterfaceOrientationLandscapeLeft UIInterfaceOrientationLandscapeRight";
				INFOPLIST_KEY_UISupportedInterfaceOrientations_iPhone = "UIInterfaceOrientationPortrait UIInterfaceOrientationLandscapeLeft UIInterfaceOrientationLandscapeRight";
				LD_RUNPATH_SEARCH_PATHS = (
					"$(inherited)",
					"@executable_path/Frameworks",
				);
				MARKETING_VERSION = 1.0;
				PRODUCT_BUNDLE_IDENTIFIER = developer.academy.LostApples;
				PRODUCT_NAME = "$(TARGET_NAME)";
				SWIFT_EMIT_LOC_STRINGS = YES;
				SWIFT_VERSION = 5.0;
				TARGETED_DEVICE_FAMILY = "1,2";
			};
			name = Release;
		};
		54227B442B7F9E80008F2055 /* Debug */ = {
			isa = XCBuildConfiguration;
			buildSettings = {
				ALWAYS_EMBED_SWIFT_STANDARD_LIBRARIES = YES;
				BUNDLE_LOADER = "$(TEST_HOST)";
				CODE_SIGN_STYLE = Automatic;
				CURRENT_PROJECT_VERSION = 1;
				GENERATE_INFOPLIST_FILE = YES;
				IPHONEOS_DEPLOYMENT_TARGET = 17.0;
				MARKETING_VERSION = 1.0;
				PRODUCT_BUNDLE_IDENTIFIER = developer.academy.LostApplesTests;
				PRODUCT_NAME = "$(TARGET_NAME)";
				SWIFT_EMIT_LOC_STRINGS = NO;
				SWIFT_VERSION = 5.0;
				TARGETED_DEVICE_FAMILY = "1,2";
				TEST_HOST = "$(BUILT_PRODUCTS_DIR)/LostApples.app/$(BUNDLE_EXECUTABLE_FOLDER_PATH)/LostApples";
			};
			name = Debug;
		};
		54227B452B7F9E80008F2055 /* Release */ = {
			isa = XCBuildConfiguration;
			buildSettings = {
				ALWAYS_EMBED_SWIFT_STANDARD_LIBRARIES = YES;
				BUNDLE_LOADER = "$(TEST_HOST)";
				CODE_SIGN_STYLE = Automatic;
				CURRENT_PROJECT_VERSION = 1;
				GENERATE_INFOPLIST_FILE = YES;
				IPHONEOS_DEPLOYMENT_TARGET = 17.0;
				MARKETING_VERSION = 1.0;
				PRODUCT_BUNDLE_IDENTIFIER = developer.academy.LostApplesTests;
				PRODUCT_NAME = "$(TARGET_NAME)";
				SWIFT_EMIT_LOC_STRINGS = NO;
				SWIFT_VERSION = 5.0;
				TARGETED_DEVICE_FAMILY = "1,2";
				TEST_HOST = "$(BUILT_PRODUCTS_DIR)/LostApples.app/$(BUNDLE_EXECUTABLE_FOLDER_PATH)/LostApples";
			};
			name = Release;
		};
		54227B472B7F9E80008F2055 /* Debug */ = {
			isa = XCBuildConfiguration;
			buildSettings = {
				ALWAYS_EMBED_SWIFT_STANDARD_LIBRARIES = YES;
				CODE_SIGN_STYLE = Automatic;
				CURRENT_PROJECT_VERSION = 1;
				GENERATE_INFOPLIST_FILE = YES;
				MARKETING_VERSION = 1.0;
				PRODUCT_BUNDLE_IDENTIFIER = developer.academy.LostApplesUITests;
				PRODUCT_NAME = "$(TARGET_NAME)";
				SWIFT_EMIT_LOC_STRINGS = NO;
				SWIFT_VERSION = 5.0;
				TARGETED_DEVICE_FAMILY = "1,2";
				TEST_TARGET_NAME = LostApples;
			};
			name = Debug;
		};
		54227B482B7F9E80008F2055 /* Release */ = {
			isa = XCBuildConfiguration;
			buildSettings = {
				ALWAYS_EMBED_SWIFT_STANDARD_LIBRARIES = YES;
				CODE_SIGN_STYLE = Automatic;
				CURRENT_PROJECT_VERSION = 1;
				GENERATE_INFOPLIST_FILE = YES;
				MARKETING_VERSION = 1.0;
				PRODUCT_BUNDLE_IDENTIFIER = developer.academy.LostApplesUITests;
				PRODUCT_NAME = "$(TARGET_NAME)";
				SWIFT_EMIT_LOC_STRINGS = NO;
				SWIFT_VERSION = 5.0;
				TARGETED_DEVICE_FAMILY = "1,2";
				TEST_TARGET_NAME = LostApples;
			};
			name = Release;
		};
/* End XCBuildConfiguration section */

/* Begin XCConfigurationList section */
		54227B172B7F9E7F008F2055 /* Build configuration list for PBXProject "LostApples" */ = {
			isa = XCConfigurationList;
			buildConfigurations = (
				54227B3E2B7F9E80008F2055 /* Debug */,
				54227B3F2B7F9E80008F2055 /* Release */,
			);
			defaultConfigurationIsVisible = 0;
			defaultConfigurationName = Release;
		};
		54227B402B7F9E80008F2055 /* Build configuration list for PBXNativeTarget "LostApples" */ = {
			isa = XCConfigurationList;
			buildConfigurations = (
				54227B412B7F9E80008F2055 /* Debug */,
				54227B422B7F9E80008F2055 /* Release */,
			);
			defaultConfigurationIsVisible = 0;
			defaultConfigurationName = Release;
		};
		54227B432B7F9E80008F2055 /* Build configuration list for PBXNativeTarget "LostApplesTests" */ = {
			isa = XCConfigurationList;
			buildConfigurations = (
				54227B442B7F9E80008F2055 /* Debug */,
				54227B452B7F9E80008F2055 /* Release */,
			);
			defaultConfigurationIsVisible = 0;
			defaultConfigurationName = Release;
		};
		54227B462B7F9E80008F2055 /* Build configuration list for PBXNativeTarget "LostApplesUITests" */ = {
			isa = XCConfigurationList;
			buildConfigurations = (
				54227B472B7F9E80008F2055 /* Debug */,
				54227B482B7F9E80008F2055 /* Release */,
			);
			defaultConfigurationIsVisible = 0;
			defaultConfigurationName = Release;
		};
/* End XCConfigurationList section */
	};
	rootObject = 54227B142B7F9E7F008F2055 /* Project object */;
}
